
Microsoft Visual Studio Solution File, Format Version 12.00
# Visual Studio Version 16
VisualStudioVersion = 16.0.810.8
MinimumVisualStudioVersion = 10.0.40219.1
Project("{FAE04EC0-301F-11D3-BF4B-00C04F79EFBC}") = "RabbitMQ.Consumer", "RabbitMQ.Consumer\RabbitMQ.Consumer.csproj", "{93BB520E-CA60-4EF2-A15A-181B49CDA8DF}"
EndProject
Global
	GlobalSection(SolutionConfigurationPlatforms) = preSolution
		Debug|Any CPU = Debug|Any CPU
		Release|Any CPU = Release|Any CPU
	EndGlobalSection
	GlobalSection(ProjectConfigurationPlatforms) = postSolution
		{93BB520E-CA60-4EF2-A15A-181B49CDA8DF}.Debug|Any CPU.ActiveCfg = Debug|Any CPU
		{93BB520E-CA60-4EF2-A15A-181B49CDA8DF}.Debug|Any CPU.Build.0 = Debug|Any CPU
		{93BB520E-CA60-4EF2-A15A-181B49CDA8DF}.Release|Any CPU.ActiveCfg = Release|Any CPU
		{93BB520E-CA60-4EF2-A15A-181B49CDA8DF}.Release|Any CPU.Build.0 = Release|Any CPU
	EndGlobalSection
	GlobalSection(SolutionProperties) = preSolution
		HideSolutionNode = FALSE
	EndGlobalSection
	GlobalSection(ExtensibilityGlobals) = postSolution
		SolutionGuid = {A9D2F44B-F1BA-4910-823A-061DB53EA1B8}
	EndGlobalSection
EndGlobal
